
Microsoft Visual Studio Solution File, Format Version 12.00
# Visual Studio Version 17
VisualStudioVersion = 17.14.36915.13 d17.14
MinimumVisualStudioVersion = 10.0.40219.1
Project("{FAE04EC0-301F-11D3-BF4B-00C04F79EFBC}") = "UCC", "UCC\UCC.csproj", "{B919C148-ED83-4071-85DD-E955BEC44741}"
EndProject
Global
	GlobalSection(SolutionConfigurationPlatforms) = preSolution
		Debug|Any CPU = Debug|Any CPU
		Release|Any CPU = Release|Any CPU
	EndGlobalSection
	GlobalSection(ProjectConfigurationPlatforms) = postSolution
		{B919C148-ED83-4071-85DD-E955BEC44741}.Debug|Any CPU.ActiveCfg = Debug|Any CPU
		{B919C148-ED83-4071-85DD-E955BEC44741}.Debug|Any CPU.Build.0 = Debug|Any CPU
		{B919C148-ED83-4071-85DD-E955BEC44741}.Release|Any CPU.ActiveCfg = Release|Any CPU
		{B919C148-ED83-4071-85DD-E955BEC44741}.Release|Any CPU.Build.0 = Release|Any CPU
	EndGlobalSection
	GlobalSection(SolutionProperties) = preSolution
		HideSolutionNode = FALSE
	EndGlobalSection
	GlobalSection(ExtensibilityGlobals) = postSolution
		SolutionGuid = {41CE3019-BC56-4FFA-B01D-A86B55FE7683}
	EndGlobalSection
EndGlobal
